
Microsoft Visual Studio Solution File, Format Version 12.00
# Visual Studio 15
VisualStudioVersion = 15.0.26124.0
MinimumVisualStudioVersion = 15.0.26124.0
Project("{2150E333-8FDC-42A3-9474-1A3956D46DE8}") = "src", "src", "{1F321D97-30A0-4F1F-AA8D-43EB7ED3C5D5}"
EndProject
Project("{F2A71F9B-5D33-465A-A702-920D77279786}") = "App", "src\App\App.fsproj", "{A7DD3DB7-11EE-4CE6-A818-08091D43B1C1}"
EndProject
Project("{F2A71F9B-5D33-465A-A702-920D77279786}") = "Grep", "src\Grep\Grep.fsproj", "{3B39BC12-8042-4173-BBF2-7DC7CBE35524}"
EndProject
Project("{2150E333-8FDC-42A3-9474-1A3956D46DE8}") = "test", "test", "{F0DF9F78-936B-4185-A8B2-E20B73C551BB}"
EndProject
Project("{F2A71F9B-5D33-465A-A702-920D77279786}") = "GrepTest", "test\GrepTest\GrepTest.fsproj", "{1B80B761-7514-4F7B-ACDF-1D85ED8DC313}"
EndProject
Global
	GlobalSection(SolutionConfigurationPlatforms) = preSolution
		Debug|Any CPU = Debug|Any CPU
		Debug|x64 = Debug|x64
		Debug|x86 = Debug|x86
		Release|Any CPU = Release|Any CPU
		Release|x64 = Release|x64
		Release|x86 = Release|x86
	EndGlobalSection
	GlobalSection(SolutionProperties) = preSolution
		HideSolutionNode = FALSE
	EndGlobalSection
	GlobalSection(ProjectConfigurationPlatforms) = postSolution
		{A7DD3DB7-11EE-4CE6-A818-08091D43B1C1}.Debug|Any CPU.ActiveCfg = Debug|Any CPU
		{A7DD3DB7-11EE-4CE6-A818-08091D43B1C1}.Debug|Any CPU.Build.0 = Debug|Any CPU
		{A7DD3DB7-11EE-4CE6-A818-08091D43B1C1}.Debug|x64.ActiveCfg = Debug|Any CPU
		{A7DD3DB7-11EE-4CE6-A818-08091D43B1C1}.Debug|x64.Build.0 = Debug|Any CPU
		{A7DD3DB7-11EE-4CE6-A818-08091D43B1C1}.Debug|x86.ActiveCfg = Debug|Any CPU
		{A7DD3DB7-11EE-4CE6-A818-08091D43B1C1}.Debug|x86.Build.0 = Debug|Any CPU
		{A7DD3DB7-11EE-4CE6-A818-08091D43B1C1}.Release|Any CPU.ActiveCfg = Release|Any CPU
		{A7DD3DB7-11EE-4CE6-A818-08091D43B1C1}.Release|Any CPU.Build.0 = Release|Any CPU
		{A7DD3DB7-11EE-4CE6-A818-08091D43B1C1}.Release|x64.ActiveCfg = Release|Any CPU
		{A7DD3DB7-11EE-4CE6-A818-08091D43B1C1}.Release|x64.Build.0 = Release|Any CPU
		{A7DD3DB7-11EE-4CE6-A818-08091D43B1C1}.Release|x86.ActiveCfg = Release|Any CPU
		{A7DD3DB7-11EE-4CE6-A818-08091D43B1C1}.Release|x86.Build.0 = Release|Any CPU
		{3B39BC12-8042-4173-BBF2-7DC7CBE35524}.Debug|Any CPU.ActiveCfg = Debug|Any CPU
		{3B39BC12-8042-4173-BBF2-7DC7CBE35524}.Debug|Any CPU.Build.0 = Debug|Any CPU
		{3B39BC12-8042-4173-BBF2-7DC7CBE35524}.Debug|x64.ActiveCfg = Debug|Any CPU
		{3B39BC12-8042-4173-BBF2-7DC7CBE35524}.Debug|x64.Build.0 = Debug|Any CPU
		{3B39BC12-8042-4173-BBF2-7DC7CBE35524}.Debug|x86.ActiveCfg = Debug|Any CPU
		{3B39BC12-8042-4173-BBF2-7DC7CBE35524}.Debug|x86.Build.0 = Debug|Any CPU
		{3B39BC12-8042-4173-BBF2-7DC7CBE35524}.Release|Any CPU.ActiveCfg = Release|Any CPU
		{3B39BC12-8042-4173-BBF2-7DC7CBE35524}.Release|Any CPU.Build.0 = Release|Any CPU
		{3B39BC12-8042-4173-BBF2-7DC7CBE35524}.Release|x64.ActiveCfg = Release|Any CPU
		{3B39BC12-8042-4173-BBF2-7DC7CBE35524}.Release|x64.Build.0 = Release|Any CPU
		{3B39BC12-8042-4173-BBF2-7DC7CBE35524}.Release|x86.ActiveCfg = Release|Any CPU
		{3B39BC12-8042-4173-BBF2-7DC7CBE35524}.Release|x86.Build.0 = Release|Any CPU
		{1B80B761-7514-4F7B-ACDF-1D85ED8DC313}.Debug|Any CPU.ActiveCfg = Debug|Any CPU
		{1B80B761-7514-4F7B-ACDF-1D85ED8DC313}.Debug|Any CPU.Build.0 = Debug|Any CPU
		{1B80B761-7514-4F7B-ACDF-1D85ED8DC313}.Debug|x64.ActiveCfg = Debug|Any CPU
		{1B80B761-7514-4F7B-ACDF-1D85ED8DC313}.Debug|x64.Build.0 = Debug|Any CPU
		{1B80B761-7514-4F7B-ACDF-1D85ED8DC313}.Debug|x86.ActiveCfg = Debug|Any CPU
		{1B80B761-7514-4F7B-ACDF-1D85ED8DC313}.Debug|x86.Build.0 = Debug|Any CPU
		{1B80B761-7514-4F7B-ACDF-1D85ED8DC313}.Release|Any CPU.ActiveCfg = Release|Any CPU
		{1B80B761-7514-4F7B-ACDF-1D85ED8DC313}.Release|Any CPU.Build.0 = Release|Any CPU
		{1B80B761-7514-4F7B-ACDF-1D85ED8DC313}.Release|x64.ActiveCfg = Release|Any CPU
		{1B80B761-7514-4F7B-ACDF-1D85ED8DC313}.Release|x64.Build.0 = Release|Any CPU
		{1B80B761-7514-4F7B-ACDF-1D85ED8DC313}.Release|x86.ActiveCfg = Release|Any CPU
		{1B80B761-7514-4F7B-ACDF-1D85ED8DC313}.Release|x86.Build.0 = Release|Any CPU
	EndGlobalSection
	GlobalSection(NestedProjects) = preSolution
		{A7DD3DB7-11EE-4CE6-A818-08091D43B1C1} = {1F321D97-30A0-4F1F-AA8D-43EB7ED3C5D5}
		{3B39BC12-8042-4173-BBF2-7DC7CBE35524} = {1F321D97-30A0-4F1F-AA8D-43EB7ED3C5D5}
		{1B80B761-7514-4F7B-ACDF-1D85ED8DC313} = {F0DF9F78-936B-4185-A8B2-E20B73C551BB}
	EndGlobalSection
EndGlobal
